
Microsoft Visual Studio Solution File, Format Version 11.00
# Visual Studio 2010
Project("{FAE04EC0-301F-11D3-BF4B-00C04F79EFBC}") = "Luna", "Luna\Luna\Luna.csproj", "{E0C961DB-FD85-4DE9-B479-B998148257D6}"
EndProject
Project("{96E2B04D-8817-42C6-938A-82C39BA4D311}") = "LunaContent", "Luna\LunaContent\LunaContent.contentproj", "{DADE27B0-B4D8-4162-AAE0-75CF561BEA9D}"
EndProject
Global
	GlobalSection(SolutionConfigurationPlatforms) = preSolution
		Debug|x86 = Debug|x86
		Release|x86 = Release|x86
	EndGlobalSection
	GlobalSection(ProjectConfigurationPlatforms) = postSolution
		{E0C961DB-FD85-4DE9-B479-B998148257D6}.Debug|x86.ActiveCfg = Debug|x86
		{E0C961DB-FD85-4DE9-B479-B998148257D6}.Debug|x86.Build.0 = Debug|x86
		{E0C961DB-FD85-4DE9-B479-B998148257D6}.Release|x86.ActiveCfg = Release|x86
		{E0C961DB-FD85-4DE9-B479-B998148257D6}.Release|x86.Build.0 = Release|x86
		{DADE27B0-B4D8-4162-AAE0-75CF561BEA9D}.Debug|x86.ActiveCfg = Debug|x86
		{DADE27B0-B4D8-4162-AAE0-75CF561BEA9D}.Release|x86.ActiveCfg = Release|x86
	EndGlobalSection
	GlobalSection(SolutionProperties) = preSolution
		HideSolutionNode = FALSE
	EndGlobalSection
EndGlobal
